
Microsoft Visual Studio Solution File, Format Version 12.00
# Visual Studio Version 17
VisualStudioVersion = 17.10.35027.167
MinimumVisualStudioVersion = 10.0.40219.1
Project("{9A19103F-16F7-4668-BE54-9A1E7A4F7556}") = "Vm167Box", "Vm167Box\Vm167Box.csproj", "{B41CCA93-3785-4EE8-91BD-F1555172D1F7}"
EndProject
Project("{9A19103F-16F7-4668-BE54-9A1E7A4F7556}") = "Vm167Box.Tests", "Vm167Box.Tests\Vm167Box.Tests.csproj", "{16E62027-900E-4622-A4E8-D62CDF3B021D}"
EndProject
Project("{9A19103F-16F7-4668-BE54-9A1E7A4F7556}") = "Libvm167", "Libvm167\Libvm167.csproj", "{4FCA8F4F-C33E-4533-939E-D78203D8E2EC}"
EndProject
Project("{9A19103F-16F7-4668-BE54-9A1E7A4F7556}") = "Libvm167.IntegrationTests", "Libvm167.IntegrationTests\Libvm167.IntegrationTests.csproj", "{A8E820D4-CCAB-4133-85FD-72106E6DDFC6}"
EndProject
Global
	GlobalSection(SolutionConfigurationPlatforms) = preSolution
		Debug|Any CPU = Debug|Any CPU
		Release|Any CPU = Release|Any CPU
	EndGlobalSection
	GlobalSection(ProjectConfigurationPlatforms) = postSolution
		{B41CCA93-3785-4EE8-91BD-F1555172D1F7}.Debug|Any CPU.ActiveCfg = Debug|Any CPU
		{B41CCA93-3785-4EE8-91BD-F1555172D1F7}.Debug|Any CPU.Build.0 = Debug|Any CPU
		{B41CCA93-3785-4EE8-91BD-F1555172D1F7}.Debug|Any CPU.Deploy.0 = Debug|Any CPU
		{B41CCA93-3785-4EE8-91BD-F1555172D1F7}.Release|Any CPU.ActiveCfg = Release|Any CPU
		{B41CCA93-3785-4EE8-91BD-F1555172D1F7}.Release|Any CPU.Build.0 = Release|Any CPU
		{16E62027-900E-4622-A4E8-D62CDF3B021D}.Debug|Any CPU.ActiveCfg = Debug|Any CPU
		{16E62027-900E-4622-A4E8-D62CDF3B021D}.Debug|Any CPU.Build.0 = Debug|Any CPU
		{16E62027-900E-4622-A4E8-D62CDF3B021D}.Release|Any CPU.ActiveCfg = Release|Any CPU
		{16E62027-900E-4622-A4E8-D62CDF3B021D}.Release|Any CPU.Build.0 = Release|Any CPU
		{4FCA8F4F-C33E-4533-939E-D78203D8E2EC}.Debug|Any CPU.ActiveCfg = Debug|Any CPU
		{4FCA8F4F-C33E-4533-939E-D78203D8E2EC}.Debug|Any CPU.Build.0 = Debug|Any CPU
		{4FCA8F4F-C33E-4533-939E-D78203D8E2EC}.Release|Any CPU.ActiveCfg = Release|Any CPU
		{4FCA8F4F-C33E-4533-939E-D78203D8E2EC}.Release|Any CPU.Build.0 = Release|Any CPU
		{A8E820D4-CCAB-4133-85FD-72106E6DDFC6}.Debug|Any CPU.ActiveCfg = Debug|Any CPU
		{A8E820D4-CCAB-4133-85FD-72106E6DDFC6}.Debug|Any CPU.Build.0 = Debug|Any CPU
		{A8E820D4-CCAB-4133-85FD-72106E6DDFC6}.Release|Any CPU.ActiveCfg = Release|Any CPU
		{A8E820D4-CCAB-4133-85FD-72106E6DDFC6}.Release|Any CPU.Build.0 = Release|Any CPU
	EndGlobalSection
	GlobalSection(SolutionProperties) = preSolution
		HideSolutionNode = FALSE
	EndGlobalSection
	GlobalSection(ExtensibilityGlobals) = postSolution
		SolutionGuid = {3602921A-5C70-4B57-B2B8-881E99391451}
	EndGlobalSection
EndGlobal
