
Microsoft Visual Studio Solution File, Format Version 12.00
# Visual Studio Version 17
VisualStudioVersion = 17.10.35027.167
MinimumVisualStudioVersion = 10.0.40219.1
Project("{9A19103F-16F7-4668-BE54-9A1E7A4F7556}") = "Vm167Box", "Vm167Box\Vm167Box.csproj", "{B41CCA93-3785-4EE8-91BD-F1555172D1F7}"
EndProject
Project("{9A19103F-16F7-4668-BE54-9A1E7A4F7556}") = "Vm167Box.Tests", "Vm167Box.Tests\Vm167Box.Tests.csproj", "{16E62027-900E-4622-A4E8-D62CDF3B021D}"
EndProject
Project("{9A19103F-16F7-4668-BE54-9A1E7A4F7556}") = "Vm167Lib", "Vm167Lib\Vm167Lib.csproj", "{0BF1AEF3-4689-4FCF-9A4C-ADA09D856E08}"
EndProject
Project("{9A19103F-16F7-4668-BE54-9A1E7A4F7556}") = "Vm167Lib.IntegrationTests", "Vm167Lib.IntegrationTests\Vm167Lib.IntegrationTests.csproj", "{2731D7DE-FADF-4E72-8E77-450A64B2134D}"
EndProject
Global
	GlobalSection(SolutionConfigurationPlatforms) = preSolution
		Debug|Any CPU = Debug|Any CPU
		Release|Any CPU = Release|Any CPU
	EndGlobalSection
	GlobalSection(ProjectConfigurationPlatforms) = postSolution
		{B41CCA93-3785-4EE8-91BD-F1555172D1F7}.Debug|Any CPU.ActiveCfg = Debug|Any CPU
		{B41CCA93-3785-4EE8-91BD-F1555172D1F7}.Debug|Any CPU.Build.0 = Debug|Any CPU
		{B41CCA93-3785-4EE8-91BD-F1555172D1F7}.Debug|Any CPU.Deploy.0 = Debug|Any CPU
		{B41CCA93-3785-4EE8-91BD-F1555172D1F7}.Release|Any CPU.ActiveCfg = Release|Any CPU
		{B41CCA93-3785-4EE8-91BD-F1555172D1F7}.Release|Any CPU.Build.0 = Release|Any CPU
		{16E62027-900E-4622-A4E8-D62CDF3B021D}.Debug|Any CPU.ActiveCfg = Debug|Any CPU
		{16E62027-900E-4622-A4E8-D62CDF3B021D}.Debug|Any CPU.Build.0 = Debug|Any CPU
		{16E62027-900E-4622-A4E8-D62CDF3B021D}.Release|Any CPU.ActiveCfg = Release|Any CPU
		{16E62027-900E-4622-A4E8-D62CDF3B021D}.Release|Any CPU.Build.0 = Release|Any CPU
		{0BF1AEF3-4689-4FCF-9A4C-ADA09D856E08}.Debug|Any CPU.ActiveCfg = Debug|Any CPU
		{0BF1AEF3-4689-4FCF-9A4C-ADA09D856E08}.Debug|Any CPU.Build.0 = Debug|Any CPU
		{0BF1AEF3-4689-4FCF-9A4C-ADA09D856E08}.Release|Any CPU.ActiveCfg = Release|Any CPU
		{0BF1AEF3-4689-4FCF-9A4C-ADA09D856E08}.Release|Any CPU.Build.0 = Release|Any CPU
		{2731D7DE-FADF-4E72-8E77-450A64B2134D}.Debug|Any CPU.ActiveCfg = Debug|Any CPU
		{2731D7DE-FADF-4E72-8E77-450A64B2134D}.Debug|Any CPU.Build.0 = Debug|Any CPU
		{2731D7DE-FADF-4E72-8E77-450A64B2134D}.Release|Any CPU.ActiveCfg = Release|Any CPU
		{2731D7DE-FADF-4E72-8E77-450A64B2134D}.Release|Any CPU.Build.0 = Release|Any CPU
	EndGlobalSection
	GlobalSection(SolutionProperties) = preSolution
		HideSolutionNode = FALSE
	EndGlobalSection
	GlobalSection(ExtensibilityGlobals) = postSolution
		SolutionGuid = {3602921A-5C70-4B57-B2B8-881E99391451}
	EndGlobalSection
EndGlobal
